
Microsoft Visual Studio Solution File, Format Version 12.00
# Visual Studio Version 16
VisualStudioVersion = 16.0.33027.164
MinimumVisualStudioVersion = 10.0.40219.1
Project("{FAE04EC0-301F-11D3-BF4B-00C04F79EFBC}") = "DoAnCNLTDNT.Android", "DoAnCNLTDNT\DoAnCNLTDNT.Android\DoAnCNLTDNT.Android.csproj", "{A1F581A7-368F-4E5A-BAB9-B54201E14D0C}"
EndProject
Project("{FAE04EC0-301F-11D3-BF4B-00C04F79EFBC}") = "DoAnCNLTDNT.iOS", "DoAnCNLTDNT\DoAnCNLTDNT.iOS\DoAnCNLTDNT.iOS.csproj", "{81233778-B455-450E-8637-2B969BC03886}"
EndProject
Project("{FAE04EC0-301F-11D3-BF4B-00C04F79EFBC}") = "DoAnCNLTDNT", "DoAnCNLTDNT\DoAnCNLTDNT\DoAnCNLTDNT.csproj", "{3421154A-0ADB-402A-8EBE-FDC99024E87A}"
EndProject
Global
	GlobalSection(SolutionConfigurationPlatforms) = preSolution
		Debug|Any CPU = Debug|Any CPU
		Debug|iPhone = Debug|iPhone
		Debug|iPhoneSimulator = Debug|iPhoneSimulator
		Release|Any CPU = Release|Any CPU
		Release|iPhone = Release|iPhone
		Release|iPhoneSimulator = Release|iPhoneSimulator
	EndGlobalSection
	GlobalSection(ProjectConfigurationPlatforms) = postSolution
		{A1F581A7-368F-4E5A-BAB9-B54201E14D0C}.Debug|Any CPU.ActiveCfg = Debug|Any CPU
		{A1F581A7-368F-4E5A-BAB9-B54201E14D0C}.Debug|Any CPU.Build.0 = Debug|Any CPU
		{A1F581A7-368F-4E5A-BAB9-B54201E14D0C}.Debug|Any CPU.Deploy.0 = Debug|Any CPU
		{A1F581A7-368F-4E5A-BAB9-B54201E14D0C}.Debug|iPhone.ActiveCfg = Debug|Any CPU
		{A1F581A7-368F-4E5A-BAB9-B54201E14D0C}.Debug|iPhone.Build.0 = Debug|Any CPU
		{A1F581A7-368F-4E5A-BAB9-B54201E14D0C}.Debug|iPhone.Deploy.0 = Debug|Any CPU
		{A1F581A7-368F-4E5A-BAB9-B54201E14D0C}.Debug|iPhoneSimulator.ActiveCfg = Debug|Any CPU
		{A1F581A7-368F-4E5A-BAB9-B54201E14D0C}.Debug|iPhoneSimulator.Build.0 = Debug|Any CPU
		{A1F581A7-368F-4E5A-BAB9-B54201E14D0C}.Debug|iPhoneSimulator.Deploy.0 = Debug|Any CPU
		{A1F581A7-368F-4E5A-BAB9-B54201E14D0C}.Release|Any CPU.ActiveCfg = Release|Any CPU
		{A1F581A7-368F-4E5A-BAB9-B54201E14D0C}.Release|Any CPU.Build.0 = Release|Any CPU
		{A1F581A7-368F-4E5A-BAB9-B54201E14D0C}.Release|Any CPU.Deploy.0 = Release|Any CPU
		{A1F581A7-368F-4E5A-BAB9-B54201E14D0C}.Release|iPhone.ActiveCfg = Release|Any CPU
		{A1F581A7-368F-4E5A-BAB9-B54201E14D0C}.Release|iPhone.Build.0 = Release|Any CPU
		{A1F581A7-368F-4E5A-BAB9-B54201E14D0C}.Release|iPhone.Deploy.0 = Release|Any CPU
		{A1F581A7-368F-4E5A-BAB9-B54201E14D0C}.Release|iPhoneSimulator.ActiveCfg = Release|Any CPU
		{A1F581A7-368F-4E5A-BAB9-B54201E14D0C}.Release|iPhoneSimulator.Build.0 = Release|Any CPU
		{A1F581A7-368F-4E5A-BAB9-B54201E14D0C}.Release|iPhoneSimulator.Deploy.0 = Release|Any CPU
		{81233778-B455-450E-8637-2B969BC03886}.Debug|Any CPU.ActiveCfg = Debug|iPhone
		{81233778-B455-450E-8637-2B969BC03886}.Debug|Any CPU.Build.0 = Debug|iPhone
		{81233778-B455-450E-8637-2B969BC03886}.Debug|Any CPU.Deploy.0 = Debug|iPhone
		{81233778-B455-450E-8637-2B969BC03886}.Debug|iPhone.ActiveCfg = Debug|iPhone
		{81233778-B455-450E-8637-2B969BC03886}.Debug|iPhone.Build.0 = Debug|iPhone
		{81233778-B455-450E-8637-2B969BC03886}.Debug|iPhone.Deploy.0 = Debug|iPhone
		{81233778-B455-450E-8637-2B969BC03886}.Debug|iPhoneSimulator.ActiveCfg = Debug|iPhoneSimulator
		{81233778-B455-450E-8637-2B969BC03886}.Debug|iPhoneSimulator.Build.0 = Debug|iPhoneSimulator
		{81233778-B455-450E-8637-2B969BC03886}.Debug|iPhoneSimulator.Deploy.0 = Debug|iPhoneSimulator
		{81233778-B455-450E-8637-2B969BC03886}.Release|Any CPU.ActiveCfg = Release|iPhoneSimulator
		{81233778-B455-450E-8637-2B969BC03886}.Release|Any CPU.Build.0 = Release|iPhoneSimulator
		{81233778-B455-450E-8637-2B969BC03886}.Release|Any CPU.Deploy.0 = Release|iPhoneSimulator
		{81233778-B455-450E-8637-2B969BC03886}.Release|iPhone.ActiveCfg = Release|iPhone
		{81233778-B455-450E-8637-2B969BC03886}.Release|iPhone.Build.0 = Release|iPhone
		{81233778-B455-450E-8637-2B969BC03886}.Release|iPhone.Deploy.0 = Release|iPhone
		{81233778-B455-450E-8637-2B969BC03886}.Release|iPhoneSimulator.ActiveCfg = Release|iPhoneSimulator
		{81233778-B455-450E-8637-2B969BC03886}.Release|iPhoneSimulator.Build.0 = Release|iPhoneSimulator
		{81233778-B455-450E-8637-2B969BC03886}.Release|iPhoneSimulator.Deploy.0 = Release|iPhoneSimulator
		{3421154A-0ADB-402A-8EBE-FDC99024E87A}.Debug|Any CPU.ActiveCfg = Debug|Any CPU
		{3421154A-0ADB-402A-8EBE-FDC99024E87A}.Debug|Any CPU.Build.0 = Debug|Any CPU
		{3421154A-0ADB-402A-8EBE-FDC99024E87A}.Debug|Any CPU.Deploy.0 = Debug|Any CPU
		{3421154A-0ADB-402A-8EBE-FDC99024E87A}.Debug|iPhone.ActiveCfg = Debug|Any CPU
		{3421154A-0ADB-402A-8EBE-FDC99024E87A}.Debug|iPhone.Build.0 = Debug|Any CPU
		{3421154A-0ADB-402A-8EBE-FDC99024E87A}.Debug|iPhone.Deploy.0 = Debug|Any CPU
		{3421154A-0ADB-402A-8EBE-FDC99024E87A}.Debug|iPhoneSimulator.ActiveCfg = Debug|Any CPU
		{3421154A-0ADB-402A-8EBE-FDC99024E87A}.Debug|iPhoneSimulator.Build.0 = Debug|Any CPU
		{3421154A-0ADB-402A-8EBE-FDC99024E87A}.Debug|iPhoneSimulator.Deploy.0 = Debug|Any CPU
		{3421154A-0ADB-402A-8EBE-FDC99024E87A}.Release|Any CPU.ActiveCfg = Release|Any CPU
		{3421154A-0ADB-402A-8EBE-FDC99024E87A}.Release|Any CPU.Build.0 = Release|Any CPU
		{3421154A-0ADB-402A-8EBE-FDC99024E87A}.Release|Any CPU.Deploy.0 = Release|Any CPU
		{3421154A-0ADB-402A-8EBE-FDC99024E87A}.Release|iPhone.ActiveCfg = Release|Any CPU
		{3421154A-0ADB-402A-8EBE-FDC99024E87A}.Release|iPhone.Build.0 = Release|Any CPU
		{3421154A-0ADB-402A-8EBE-FDC99024E87A}.Release|iPhone.Deploy.0 = Release|Any CPU
		{3421154A-0ADB-402A-8EBE-FDC99024E87A}.Release|iPhoneSimulator.ActiveCfg = Release|Any CPU
		{3421154A-0ADB-402A-8EBE-FDC99024E87A}.Release|iPhoneSimulator.Build.0 = Release|Any CPU
		{3421154A-0ADB-402A-8EBE-FDC99024E87A}.Release|iPhoneSimulator.Deploy.0 = Release|Any CPU
	EndGlobalSection
	GlobalSection(SolutionProperties) = preSolution
		HideSolutionNode = FALSE
	EndGlobalSection
	GlobalSection(ExtensibilityGlobals) = postSolution
		SolutionGuid = {C1C829A0-3501-4035-B23B-5A336D8C491B}
	EndGlobalSection
EndGlobal
